
Microsoft Visual Studio Solution File, Format Version 12.00
# Visual Studio Version 17
VisualStudioVersion = 17.6.33723.286
MinimumVisualStudioVersion = 10.0.40219.1
Project("{FAE04EC0-301F-11D3-BF4B-00C04F79EFBC}") = "BlockDocu", "BlockDocu\BlockDocu.csproj", "{9EF8717C-5F00-4A18-A3E2-C5CE1F478B6B}"
EndProject
Global
	GlobalSection(SolutionConfigurationPlatforms) = preSolution
		Debug|Any CPU = Debug|Any CPU
		Release|Any CPU = Release|Any CPU
	EndGlobalSection
	GlobalSection(ProjectConfigurationPlatforms) = postSolution
		{9EF8717C-5F00-4A18-A3E2-C5CE1F478B6B}.Debug|Any CPU.ActiveCfg = Debug|Any CPU
		{9EF8717C-5F00-4A18-A3E2-C5CE1F478B6B}.Debug|Any CPU.Build.0 = Debug|Any CPU
		{9EF8717C-5F00-4A18-A3E2-C5CE1F478B6B}.Release|Any CPU.ActiveCfg = Release|Any CPU
		{9EF8717C-5F00-4A18-A3E2-C5CE1F478B6B}.Release|Any CPU.Build.0 = Release|Any CPU
	EndGlobalSection
	GlobalSection(SolutionProperties) = preSolution
		HideSolutionNode = FALSE
	EndGlobalSection
	GlobalSection(ExtensibilityGlobals) = postSolution
		SolutionGuid = {A12EA198-8060-4600-B6C8-854C66E88218}
	EndGlobalSection
EndGlobal
